// !$*UTF8*$!
{
	archiveVersion = 1;
	classes = {
	};
	objectVersion = 56;
	objects = {

/* Begin PBXBuildFile section */
		CEC7B9772C34825C009F8AEE /* Apple_Frameworks_infoApp.swift in Sources */ = {isa = PBXBuildFile; fileRef = CEC7B9762C34825C009F8AEE /* Apple_Frameworks_infoApp.swift */; };
		CEC7B97D2C34825F009F8AEE /* Assets.xcassets in Resources */ = {isa = PBXBuildFile; fileRef = CEC7B97C2C34825F009F8AEE /* Assets.xcassets */; };
		CEC7B9802C34825F009F8AEE /* Preview Assets.xcassets in Resources */ = {isa = PBXBuildFile; fileRef = CEC7B97F2C34825F009F8AEE /* Preview Assets.xcassets */; };
		CEC7B9872C348371009F8AEE /* Framework.swift in Sources */ = {isa = PBXBuildFile; fileRef = CEC7B9862C348371009F8AEE /* Framework.swift */; };
		CEC7B9892C34858F009F8AEE /* FrameworkGridView.swift in Sources */ = {isa = PBXBuildFile; fileRef = CEC7B9882C34858F009F8AEE /* FrameworkGridView.swift */; };
		CEC7B98B2C349282009F8AEE /* testView.swift in Sources */ = {isa = PBXBuildFile; fileRef = CEC7B98A2C349282009F8AEE /* testView.swift */; };
		CEC7B98D2C35AD7A009F8AEE /* AF-Button.swift in Sources */ = {isa = PBXBuildFile; fileRef = CEC7B98C2C35AD7A009F8AEE /* AF-Button.swift */; };
		CEC7B98F2C35BF0D009F8AEE /* FrameworkGridViewModel.swift in Sources */ = {isa = PBXBuildFile; fileRef = CEC7B98E2C35BF0D009F8AEE /* FrameworkGridViewModel.swift */; };
/* End PBXBuildFile section */

/* Begin PBXFileReference section */
		CEC7B9732C34825C009F8AEE /* Apple-Frameworks-info.app */ = {isa = PBXFileReference; explicitFileType = wrapper.application; includeInIndex = 0; path = "Apple-Frameworks-info.app"; sourceTree = BUILT_PRODUCTS_DIR; };
		CEC7B9762C34825C009F8AEE /* Apple_Frameworks_infoApp.swift */ = {isa = PBXFileReference; lastKnownFileType = sourcecode.swift; path = Apple_Frameworks_infoApp.swift; sourceTree = "<group>"; };
		CEC7B97C2C34825F009F8AEE /* Assets.xcassets */ = {isa = PBXFileReference; lastKnownFileType = folder.assetcatalog; path = Assets.xcassets; sourceTree = "<group>"; };
		CEC7B97F2C34825F009F8AEE /* Preview Assets.xcassets */ = {isa = PBXFileReference; lastKnownFileType = folder.assetcatalog; path = "Preview Assets.xcassets"; sourceTree = "<group>"; };
		CEC7B9862C348371009F8AEE /* Framework.swift */ = {isa = PBXFileReference; lastKnownFileType = sourcecode.swift; path = Framework.swift; sourceTree = "<group>"; };
		CEC7B9882C34858F009F8AEE /* FrameworkGridView.swift */ = {isa = PBXFileReference; lastKnownFileType = sourcecode.swift; path = FrameworkGridView.swift; sourceTree = "<group>"; };
		CEC7B98A2C349282009F8AEE /* testView.swift */ = {isa = PBXFileReference; lastKnownFileType = sourcecode.swift; path = testView.swift; sourceTree = "<group>"; };
		CEC7B98C2C35AD7A009F8AEE /* AF-Button.swift */ = {isa = PBXFileReference; lastKnownFileType = sourcecode.swift; path = "AF-Button.swift"; sourceTree = "<group>"; };
		CEC7B98E2C35BF0D009F8AEE /* FrameworkGridViewModel.swift */ = {isa = PBXFileReference; lastKnownFileType = sourcecode.swift; path = FrameworkGridViewModel.swift; sourceTree = "<group>"; };
/* End PBXFileReference section */

/* Begin PBXFrameworksBuildPhase section */
		CEC7B9702C34825C009F8AEE /* Frameworks */ = {
			isa = PBXFrameworksBuildPhase;
			buildActionMask = 2147483647;
			files = (
			);
			runOnlyForDeploymentPostprocessing = 0;
		};
/* End PBXFrameworksBuildPhase section */

/* Begin PBXGroup section */
		CEC7B96A2C34825C009F8AEE = {
			isa = PBXGroup;
			children = (
				CEC7B9752C34825C009F8AEE /* Apple-Frameworks-info */,
				CEC7B9742C34825C009F8AEE /* Products */,
			);
			sourceTree = "<group>";
		};
		CEC7B9742C34825C009F8AEE /* Products */ = {
			isa = PBXGroup;
			children = (
				CEC7B9732C34825C009F8AEE /* Apple-Frameworks-info.app */,
			);
			name = Products;
			sourceTree = "<group>";
		};
		CEC7B9752C34825C009F8AEE /* Apple-Frameworks-info */ = {
			isa = PBXGroup;
			children = (
				CEC7B9762C34825C009F8AEE /* Apple_Frameworks_infoApp.swift */,
				CEC7B98E2C35BF0D009F8AEE /* FrameworkGridViewModel.swift */,
				CEC7B9882C34858F009F8AEE /* FrameworkGridView.swift */,
				CEC7B9862C348371009F8AEE /* Framework.swift */,
				CEC7B98A2C349282009F8AEE /* testView.swift */,
				CEC7B98C2C35AD7A009F8AEE /* AF-Button.swift */,
				CEC7B97C2C34825F009F8AEE /* Assets.xcassets */,
				CEC7B97E2C34825F009F8AEE /* Preview Content */,
			);
			path = "Apple-Frameworks-info";
			sourceTree = "<group>";
		};
		CEC7B97E2C34825F009F8AEE /* Preview Content */ = {
			isa = PBXGroup;
			children = (
				CEC7B97F2C34825F009F8AEE /* Preview Assets.xcassets */,
			);
			path = "Preview Content";
			sourceTree = "<group>";
		};
/* End PBXGroup section */

/* Begin PBXNativeTarget section */
		CEC7B9722C34825C009F8AEE /* Apple-Frameworks-info */ = {
			isa = PBXNativeTarget;
			buildConfigurationList = CEC7B9832C34825F009F8AEE /* Build configuration list for PBXNativeTarget "Apple-Frameworks-info" */;
			buildPhases = (
				CEC7B96F2C34825C009F8AEE /* Sources */,
				CEC7B9702C34825C009F8AEE /* Frameworks */,
				CEC7B9712C34825C009F8AEE /* Resources */,
			);
			buildRules = (
			);
			dependencies = (
			);
			name = "Apple-Frameworks-info";
			productName = "Apple-Frameworks-info";
			productReference = CEC7B9732C34825C009F8AEE /* Apple-Frameworks-info.app */;
			productType = "com.apple.product-type.application";
		};
/* End PBXNativeTarget section */

/* Begin PBXProject section */
		CEC7B96B2C34825C009F8AEE /* Project object */ = {
			isa = PBXProject;
			attributes = {
				BuildIndependentTargetsInParallel = 1;
				LastSwiftUpdateCheck = 1540;
				LastUpgradeCheck = 1540;
				TargetAttributes = {
					CEC7B9722C34825C009F8AEE = {
						CreatedOnToolsVersion = 15.4;
					};
				};
			};
			buildConfigurationList = CEC7B96E2C34825C009F8AEE /* Build configuration list for PBXProject "Apple-Frameworks-info" */;
			compatibilityVersion = "Xcode 14.0";
			developmentRegion = en;
			hasScannedForEncodings = 0;
			knownRegions = (
				en,
				Base,
			);
			mainGroup = CEC7B96A2C34825C009F8AEE;
			productRefGroup = CEC7B9742C34825C009F8AEE /* Products */;
			projectDirPath = "";
			projectRoot = "";
			targets = (
				CEC7B9722C34825C009F8AEE /* Apple-Frameworks-info */,
			);
		};
/* End PBXProject section */

/* Begin PBXResourcesBuildPhase section */
		CEC7B9712C34825C009F8AEE /* Resources */ = {
			isa = PBXResourcesBuildPhase;
			buildActionMask = 2147483647;
			files = (
				CEC7B9802C34825F009F8AEE /* Preview Assets.xcassets in Resources */,
				CEC7B97D2C34825F009F8AEE /* Assets.xcassets in Resources */,
			);
			runOnlyForDeploymentPostprocessing = 0;
		};
/* End PBXResourcesBuildPhase section */

/* Begin PBXSourcesBuildPhase section */
		CEC7B96F2C34825C009F8AEE /* Sources */ = {
			isa = PBXSourcesBuildPhase;
			buildActionMask = 2147483647;
			files = (
				CEC7B9872C348371009F8AEE /* Framework.swift in Sources */,
				CEC7B98B2C349282009F8AEE /* testView.swift in Sources */,
				CEC7B9892C34858F009F8AEE /* FrameworkGridView.swift in Sources */,
				CEC7B98D2C35AD7A009F8AEE /* AF-Button.swift in Sources */,
				CEC7B9772C34825C009F8AEE /* Apple_Frameworks_infoApp.swift in Sources */,
				CEC7B98F2C35BF0D009F8AEE /* FrameworkGridViewModel.swift in Sources */,
			);
			runOnlyForDeploymentPostprocessing = 0;
		};
/* End PBXSourcesBuildPhase section */

/* Begin XCBuildConfiguration section */
		CEC7B9812C34825F009F8AEE /* Debug */ = {
			isa = XCBuildConfiguration;
			buildSettings = {
				ALWAYS_SEARCH_USER_PATHS = NO;
				ASSETCATALOG_COMPILER_GENERATE_SWIFT_ASSET_SYMBOL_EXTENSIONS = YES;
				CLANG_ANALYZER_NONNULL = YES;
				CLANG_ANALYZER_NUMBER_OBJECT_CONVERSION = YES_AGGRESSIVE;
				CLANG_CXX_LANGUAGE_STANDARD = "gnu++20";
				CLANG_ENABLE_MODULES = YES;
				CLANG_ENABLE_OBJC_ARC = YES;
				CLANG_ENABLE_OBJC_WEAK = YES;
				CLANG_WARN_BLOCK_CAPTURE_AUTORELEASING = YES;
				CLANG_WARN_BOOL_CONVERSION = YES;
				CLANG_WARN_COMMA = YES;
				CLANG_WARN_CONSTANT_CONVERSION = YES;
				CLANG_WARN_DEPRECATED_OBJC_IMPLEMENTATIONS = YES;
				CLANG_WARN_DIRECT_OBJC_ISA_USAGE = YES_ERROR;
				CLANG_WARN_DOCUMENTATION_COMMENTS = YES;
				CLANG_WARN_EMPTY_BODY = YES;
				CLANG_WARN_ENUM_CONVERSION = YES;
				CLANG_WARN_INFINITE_RECURSION = YES;
				CLANG_WARN_INT_CONVERSION = YES;
				CLANG_WARN_NON_LITERAL_NULL_CONVERSION = YES;
				CLANG_WARN_OBJC_IMPLICIT_RETAIN_SELF = YES;
				CLANG_WARN_OBJC_LITERAL_CONVERSION = YES;
				CLANG_WARN_OBJC_ROOT_CLASS = YES_ERROR;
				CLANG_WARN_QUOTED_INCLUDE_IN_FRAMEWORK_HEADER = YES;
				CLANG_WARN_RANGE_LOOP_ANALYSIS = YES;
				CLANG_WARN_STRICT_PROTOTYPES = YES;
				CLANG_WARN_SUSPICIOUS_MOVE = YES;
				CLANG_WARN_UNGUARDED_AVAILABILITY = YES_AGGRESSIVE;
				CLANG_WARN_UNREACHABLE_CODE = YES;
				CLANG_WARN__DUPLICATE_METHOD_MATCH = YES;
				COPY_PHASE_STRIP = NO;
				DEBUG_INFORMATION_FORMAT = dwarf;
				ENABLE_STRICT_OBJC_MSGSEND = YES;
				ENABLE_TESTABILITY = YES;
				ENABLE_USER_SCRIPT_SANDBOXING = YES;
				GCC_C_LANGUAGE_STANDARD = gnu17;
				GCC_DYNAMIC_NO_PIC = NO;
				GCC_NO_COMMON_BLOCKS = YES;
				GCC_OPTIMIZATION_LEVEL = 0;
				GCC_PREPROCESSOR_DEFINITIONS = (
					"DEBUG=1",
					"$(inherited)",
				);
				GCC_WARN_64_TO_32_BIT_CONVERSION = YES;
				GCC_WARN_ABOUT_RETURN_TYPE = YES_ERROR;
				GCC_WARN_UNDECLARED_SELECTOR = YES;
				GCC_WARN_UNINITIALIZED_AUTOS = YES_AGGRESSIVE;
				GCC_WARN_UNUSED_FUNCTION = YES;
				GCC_WARN_UNUSED_VARIABLE = YES;
				IPHONEOS_DEPLOYMENT_TARGET = 17.5;
				LOCALIZATION_PREFERS_STRING_CATALOGS = YES;
				MTL_ENABLE_DEBUG_INFO = INCLUDE_SOURCE;
				MTL_FAST_MATH = YES;
				ONLY_ACTIVE_ARCH = YES;
				SDKROOT = iphoneos;
				SWIFT_ACTIVE_COMPILATION_CONDITIONS = "DEBUG $(inherited)";
				SWIFT_OPTIMIZATION_LEVEL = "-Onone";
			};
			name = Debug;
		};
		CEC7B9822C34825F009F8AEE /* Release */ = {
			isa = XCBuildConfiguration;
			buildSettings = {
				ALWAYS_SEARCH_USER_PATHS = NO;
				ASSETCATALOG_COMPILER_GENERATE_SWIFT_ASSET_SYMBOL_EXTENSIONS = YES;
				CLANG_ANALYZER_NONNULL = YES;
				CLANG_ANALYZER_NUMBER_OBJECT_CONVERSION = YES_AGGRESSIVE;
				CLANG_CXX_LANGUAGE_STANDARD = "gnu++20";
				CLANG_ENABLE_MODULES = YES;
				CLANG_ENABLE_OBJC_ARC = YES;
				CLANG_ENABLE_OBJC_WEAK = YES;
				CLANG_WARN_BLOCK_CAPTURE_AUTORELEASING = YES;
				CLANG_WARN_BOOL_CONVERSION = YES;
				CLANG_WARN_COMMA = YES;
				CLANG_WARN_CONSTANT_CONVERSION = YES;
				CLANG_WARN_DEPRECATED_OBJC_IMPLEMENTATIONS = YES;
				CLANG_WARN_DIRECT_OBJC_ISA_USAGE = YES_ERROR;
				CLANG_WARN_DOCUMENTATION_COMMENTS = YES;
				CLANG_WARN_EMPTY_BODY = YES;
				CLANG_WARN_ENUM_CONVERSION = YES;
				CLANG_WARN_INFINITE_RECURSION = YES;
				CLANG_WARN_INT_CONVERSION = YES;
				CLANG_WARN_NON_LITERAL_NULL_CONVERSION = YES;
				CLANG_WARN_OBJC_IMPLICIT_RETAIN_SELF = YES;
				CLANG_WARN_OBJC_LITERAL_CONVERSION = YES;
				CLANG_WARN_OBJC_ROOT_CLASS = YES_ERROR;
				CLANG_WARN_QUOTED_INCLUDE_IN_FRAMEWORK_HEADER = YES;
				CLANG_WARN_RANGE_LOOP_ANALYSIS = YES;
				CLANG_WARN_STRICT_PROTOTYPES = YES;
				CLANG_WARN_SUSPICIOUS_MOVE = YES;
				CLANG_WARN_UNGUARDED_AVAILABILITY = YES_AGGRESSIVE;
				CLANG_WARN_UNREACHABLE_CODE = YES;
				CLANG_WARN__DUPLICATE_METHOD_MATCH = YES;
				COPY_PHASE_STRIP = NO;
				DEBUG_INFORMATION_FORMAT = "dwarf-with-dsym";
				ENABLE_NS_ASSERTIONS = NO;
				ENABLE_STRICT_OBJC_MSGSEND = YES;
				ENABLE_USER_SCRIPT_SANDBOXING = YES;
				GCC_C_LANGUAGE_STANDARD = gnu17;
				GCC_NO_COMMON_BLOCKS = YES;
				GCC_WARN_64_TO_32_BIT_CONVERSION = YES;
				GCC_WARN_ABOUT_RETURN_TYPE = YES_ERROR;
				GCC_WARN_UNDECLARED_SELECTOR = YES;
				GCC_WARN_UNINITIALIZED_AUTOS = YES_AGGRESSIVE;
				GCC_WARN_UNUSED_FUNCTION = YES;
				GCC_WARN_UNUSED_VARIABLE = YES;
				IPHONEOS_DEPLOYMENT_TARGET = 17.5;
				LOCALIZATION_PREFERS_STRING_CATALOGS = YES;
				MTL_ENABLE_DEBUG_INFO = NO;
				MTL_FAST_MATH = YES;
				SDKROOT = iphoneos;
				SWIFT_COMPILATION_MODE = wholemodule;
				VALIDATE_PRODUCT = YES;
			};
			name = Release;
		};
		CEC7B9842C34825F009F8AEE /* Debug */ = {
			isa = XCBuildConfiguration;
			buildSettings = {
				ASSETCATALOG_COMPILER_APPICON_NAME = AppIcon;
				ASSETCATALOG_COMPILER_GLOBAL_ACCENT_COLOR_NAME = AccentColor;
				CODE_SIGN_STYLE = Automatic;
				CURRENT_PROJECT_VERSION = 1;
				DEVELOPMENT_ASSET_PATHS = "\"Apple-Frameworks-info/Preview Content\"";
				DEVELOPMENT_TEAM = 99RN5V39A7;
				ENABLE_PREVIEWS = YES;
				GENERATE_INFOPLIST_FILE = YES;
				INFOPLIST_KEY_UIApplicationSceneManifest_Generation = YES;
				INFOPLIST_KEY_UIApplicationSupportsIndirectInputEvents = YES;
				INFOPLIST_KEY_UILaunchScreen_Generation = YES;
				INFOPLIST_KEY_UISupportedInterfaceOrientations_iPad = "UIInterfaceOrientationPortrait UIInterfaceOrientationPortraitUpsideDown UIInterfaceOrientationLandscapeLeft UIInterfaceOrientationLandscapeRight";
				INFOPLIST_KEY_UISupportedInterfaceOrientations_iPhone = "UIInterfaceOrientationPortrait UIInterfaceOrientationLandscapeLeft UIInterfaceOrientationLandscapeRight";
				LD_RUNPATH_SEARCH_PATHS = (
					"$(inherited)",
					"@executable_path/Frameworks",
				);
				MARKETING_VERSION = 1.0;
				PRODUCT_BUNDLE_IDENTIFIER = "com.macOS.Apple-Frameworks-info";
				PRODUCT_NAME = "$(TARGET_NAME)";
				SWIFT_EMIT_LOC_STRINGS = YES;
				SWIFT_VERSION = 5.0;
				TARGETED_DEVICE_FAMILY = "1,2";
			};
			name = Debug;
		};
		CEC7B9852C34825F009F8AEE /* Release */ = {
			isa = XCBuildConfiguration;
			buildSettings = {
				ASSETCATALOG_COMPILER_APPICON_NAME = AppIcon;
				ASSETCATALOG_COMPILER_GLOBAL_ACCENT_COLOR_NAME = AccentColor;
				CODE_SIGN_STYLE = Automatic;
				CURRENT_PROJECT_VERSION = 1;
				DEVELOPMENT_ASSET_PATHS = "\"Apple-Frameworks-info/Preview Content\"";
				DEVELOPMENT_TEAM = 99RN5V39A7;
				ENABLE_PREVIEWS = YES;
				GENERATE_INFOPLIST_FILE = YES;
				INFOPLIST_KEY_UIApplicationSceneManifest_Generation = YES;
				INFOPLIST_KEY_UIApplicationSupportsIndirectInputEvents = YES;
				INFOPLIST_KEY_UILaunchScreen_Generation = YES;
				INFOPLIST_KEY_UISupportedInterfaceOrientations_iPad = "UIInterfaceOrientationPortrait UIInterfaceOrientationPortraitUpsideDown UIInterfaceOrientationLandscapeLeft UIInterfaceOrientationLandscapeRight";
				INFOPLIST_KEY_UISupportedInterfaceOrientations_iPhone = "UIInterfaceOrientationPortrait UIInterfaceOrientationLandscapeLeft UIInterfaceOrientationLandscapeRight";
				LD_RUNPATH_SEARCH_PATHS = (
					"$(inherited)",
					"@executable_path/Frameworks",
				);
				MARKETING_VERSION = 1.0;
				PRODUCT_BUNDLE_IDENTIFIER = "com.macOS.Apple-Frameworks-info";
				PRODUCT_NAME = "$(TARGET_NAME)";
				SWIFT_EMIT_LOC_STRINGS = YES;
				SWIFT_VERSION = 5.0;
				TARGETED_DEVICE_FAMILY = "1,2";
			};
			name = Release;
		};
/* End XCBuildConfiguration section */

/* Begin XCConfigurationList section */
		CEC7B96E2C34825C009F8AEE /* Build configuration list for PBXProject "Apple-Frameworks-info" */ = {
			isa = XCConfigurationList;
			buildConfigurations = (
				CEC7B9812C34825F009F8AEE /* Debug */,
				CEC7B9822C34825F009F8AEE /* Release */,
			);
			defaultConfigurationIsVisible = 0;
			defaultConfigurationName = Release;
		};
		CEC7B9832C34825F009F8AEE /* Build configuration list for PBXNativeTarget "Apple-Frameworks-info" */ = {
			isa = XCConfigurationList;
			buildConfigurations = (
				CEC7B9842C34825F009F8AEE /* Debug */,
				CEC7B9852C34825F009F8AEE /* Release */,
			);
			defaultConfigurationIsVisible = 0;
			defaultConfigurationName = Release;
		};
/* End XCConfigurationList section */
	};
	rootObject = CEC7B96B2C34825C009F8AEE /* Project object */;
}
